
Microsoft Visual Studio Solution File, Format Version 12.00
# Visual Studio Version 17
VisualStudioVersion = 17.10.35122.118
MinimumVisualStudioVersion = 10.0.40219.1
Project("{FAE04EC0-301F-11D3-BF4B-00C04F79EFBC}") = "Sistem_programing_pr2", "Sistem_programing_pr2\Sistem_programing_pr2.csproj", "{5D79D831-DFFD-4196-BD17-EAFE560B1451}"
EndProject
Project("{9A19103F-16F7-4668-BE54-9A1E7A4F7556}") = "ConsoleApp3", "..\ConsoleApp3\ConsoleApp3\ConsoleApp3.csproj", "{13AF24A2-ABF8-4760-BAC5-E66FB3E4DD53}"
EndProject
Global
	GlobalSection(SolutionConfigurationPlatforms) = preSolution
		Debug|Any CPU = Debug|Any CPU
		Release|Any CPU = Release|Any CPU
	EndGlobalSection
	GlobalSection(ProjectConfigurationPlatforms) = postSolution
		{5D79D831-DFFD-4196-BD17-EAFE560B1451}.Debug|Any CPU.ActiveCfg = Debug|Any CPU
		{5D79D831-DFFD-4196-BD17-EAFE560B1451}.Debug|Any CPU.Build.0 = Debug|Any CPU
		{5D79D831-DFFD-4196-BD17-EAFE560B1451}.Release|Any CPU.ActiveCfg = Release|Any CPU
		{5D79D831-DFFD-4196-BD17-EAFE560B1451}.Release|Any CPU.Build.0 = Release|Any CPU
		{13AF24A2-ABF8-4760-BAC5-E66FB3E4DD53}.Debug|Any CPU.ActiveCfg = Debug|Any CPU
		{13AF24A2-ABF8-4760-BAC5-E66FB3E4DD53}.Debug|Any CPU.Build.0 = Debug|Any CPU
		{13AF24A2-ABF8-4760-BAC5-E66FB3E4DD53}.Release|Any CPU.ActiveCfg = Release|Any CPU
		{13AF24A2-ABF8-4760-BAC5-E66FB3E4DD53}.Release|Any CPU.Build.0 = Release|Any CPU
	EndGlobalSection
	GlobalSection(SolutionProperties) = preSolution
		HideSolutionNode = FALSE
	EndGlobalSection
	GlobalSection(ExtensibilityGlobals) = postSolution
		SolutionGuid = {DE987D9E-E4AA-4B0A-B287-61979981B2AB}
	EndGlobalSection
EndGlobal
